github.com/aimjel/minecraft v0.0.0-20230930200541-322caa40d507 h1:XNkG1t/xSfuBe3XiPWpAcA+QaUB/Gpo7r1rXad/ILwk=
github.com/aimjel/minecraft v0.0.0-20230930200541-322caa40d507/go.mod h1:jb47g4nDw3J8JdA4WxQpDx25NoIZiyNCjFOtM1b3Urk=
github.com/aimjel/minecraft v0.0.0-20231022092304-06f8f3170eb7 h1:YMwncrMHRMPTWt3Vp6mhlhthkkSiKnp1R5mMSfCyOLs=
github.com/aimjel/minecraft v0.0.0-20231022092304-06f8f3170eb7/go.mod h1:jb47g4nDw3J8JdA4WxQpDx25NoIZiyNCjFOtM1b3Urk=
github.com/aimjel/minecraft v0.0.0-20231028170116-bbc6313c6f03 h1:3jnZcNJMpIeByMpEF1tNiOVlEc5P/2tBhGLRxDG79kg=
github.com/aimjel/minecraft v0.0.0-20231028170116-bbc6313c6f03/go.mod h1:jb47g4nDw3J8JdA4WxQpDx25NoIZiyNCjFOtM1b3Urk=
